<?xml version='1.0' encoding='UTF-8'?>
<Scheme LastUpgradeVersion="1600" version="1.7">
   <BuildAction parallelizeBuildables="YES" buildImplicitDependencies="YES">
      <BuildActionEntries>
         <BuildActionEntry buildForTesting="YES" buildForRunning="YES" buildForProfiling="YES" buildForArchiving="YES" buildForAnalyzing="YES">
            <BuildableReference BuildableIdentifier="primary" BlueprintIdentifier="0E8A3AD980EC179856012B7E" BuildableName="EchoLoop.app" BlueprintName="EchoLoop" ReferencedContainer="container:EchoLoop.xcodeproj" />
         </BuildActionEntry>
         <BuildActionEntry buildForTesting="YES" buildForRunning="NO" buildForProfiling="NO" buildForArchiving="NO" buildForAnalyzing="YES">
            <BuildableReference BuildableIdentifier="primary" BlueprintIdentifier="53FDC137CBD6F65AC0797F43" BuildableName="EchoLoopTests.xctest" BlueprintName="EchoLoopTests" ReferencedContainer="container:EchoLoop.xcodeproj" />
         </BuildActionEntry>
         <BuildActionEntry buildForTesting="YES" buildForRunning="NO" buildForProfiling="NO" buildForArchiving="NO" buildForAnalyzing="YES">
            <BuildableReference BuildableIdentifier="primary" BlueprintIdentifier="A28ADC5D202430C599617198" BuildableName="EchoLoopUITests.xctest" BlueprintName="EchoLoopUITests" ReferencedContainer="container:EchoLoop.xcodeproj" />
         </BuildActionEntry>
      </BuildActionEntries>
   </BuildAction>
   <TestAction buildConfiguration="Debug" selectedDebuggerIdentifier="Xcode.DebuggerFoundation.Debugger.LLDB" selectedLauncherIdentifier="Xcode.DebuggerFoundation.Launcher.LLDB" shouldUseLaunchSchemeArgsEnv="YES">
      <Testables>
         <TestableReference skipped="NO">
            <BuildableReference BuildableIdentifier="primary" BlueprintIdentifier="53FDC137CBD6F65AC0797F43" BuildableName="EchoLoopTests.xctest" BlueprintName="EchoLoopTests" ReferencedContainer="container:EchoLoop.xcodeproj" />
         </TestableReference>
         <TestableReference skipped="NO">
            <BuildableReference BuildableIdentifier="primary" BlueprintIdentifier="A28ADC5D202430C599617198" BuildableName="EchoLoopUITests.xctest" BlueprintName="EchoLoopUITests" ReferencedContainer="container:EchoLoop.xcodeproj" />
         </TestableReference>
      </Testables>
   </TestAction>
   <LaunchAction buildConfiguration="Debug" selectedDebuggerIdentifier="Xcode.DebuggerFoundation.Debugger.LLDB" selectedLauncherIdentifier="Xcode.DebuggerFoundation.Launcher.LLDB" launchStyle="0" useCustomWorkingDirectory="NO" ignoresPersistentStateOnLaunch="NO" debugDocumentVersioning="YES" debugServiceExtension="internal" allowLocationSimulation="YES">
      <BuildableProductRunnable runnableDebuggingMode="0">
         <BuildableReference BuildableIdentifier="primary" BlueprintIdentifier="0E8A3AD980EC179856012B7E" BuildableName="EchoLoop.app" BlueprintName="EchoLoop" ReferencedContainer="container:EchoLoop.xcodeproj" />
      </BuildableProductRunnable>
   </LaunchAction>
   <ProfileAction buildConfiguration="Release" shouldUseLaunchSchemeArgsEnv="YES" savedToolIdentifier="" useCustomWorkingDirectory="NO" debugDocumentVersioning="YES">
      <BuildableProductRunnable runnableDebuggingMode="0">
         <BuildableReference BuildableIdentifier="primary" BlueprintIdentifier="0E8A3AD980EC179856012B7E" BuildableName="EchoLoop.app" BlueprintName="EchoLoop" ReferencedContainer="container:EchoLoop.xcodeproj" />
      </BuildableProductRunnable>
   </ProfileAction>
   <AnalyzeAction buildConfiguration="Debug" />
   <ArchiveAction buildConfiguration="Release" revealArchiveInOrganizer="YES" />
</Scheme>